
Microsoft Visual Studio Solution File, Format Version 12.00
# Visual Studio Version 17
VisualStudioVersion = 17.1.32228.430
MinimumVisualStudioVersion = 10.0.40219.1
Project("{FAE04EC0-301F-11D3-BF4B-00C04F79EFBC}") = "Blazor.GameOfLife", "Blazor.GameOfLife\Blazor.GameOfLife.csproj", "{A6500ED5-668E-433C-A336-BB1516204829}"
EndProject
Global
	GlobalSection(SolutionConfigurationPlatforms) = preSolution
		Debug|Any CPU = Debug|Any CPU
		Release|Any CPU = Release|Any CPU
	EndGlobalSection
	GlobalSection(ProjectConfigurationPlatforms) = postSolution
		{A6500ED5-668E-433C-A336-BB1516204829}.Debug|Any CPU.ActiveCfg = Debug|Any CPU
		{A6500ED5-668E-433C-A336-BB1516204829}.Debug|Any CPU.Build.0 = Debug|Any CPU
		{A6500ED5-668E-433C-A336-BB1516204829}.Release|Any CPU.ActiveCfg = Release|Any CPU
		{A6500ED5-668E-433C-A336-BB1516204829}.Release|Any CPU.Build.0 = Release|Any CPU
	EndGlobalSection
	GlobalSection(SolutionProperties) = preSolution
		HideSolutionNode = FALSE
	EndGlobalSection
	GlobalSection(ExtensibilityGlobals) = postSolution
		SolutionGuid = {BB1563C2-DF4E-4861-ACAA-3456A3FE8B18}
	EndGlobalSection
EndGlobal
